
Microsoft Visual Studio Solution File, Format Version 11.00
# Visual Studio 2010
Project("{FAE04EC0-301F-11D3-BF4B-00C04F79EFBC}") = "Kok Ada Zombie", "Assembly-CSharp.csproj", "{B02B1D49-09E0-9912-46A9-0BA12EB8BE7F}"
EndProject
Global
	GlobalSection(SolutionConfigurationPlatforms) = preSolution
		Debug|Any CPU = Debug|Any CPU
		Release|Any CPU = Release|Any CPU
	EndGlobalSection
	GlobalSection(ProjectConfigurationPlatforms) = postSolution
		{B02B1D49-09E0-9912-46A9-0BA12EB8BE7F}.Debug|Any CPU.ActiveCfg = Debug|Any CPU
		{B02B1D49-09E0-9912-46A9-0BA12EB8BE7F}.Debug|Any CPU.Build.0 = Debug|Any CPU
		{B02B1D49-09E0-9912-46A9-0BA12EB8BE7F}.Release|Any CPU.ActiveCfg = Release|Any CPU
		{B02B1D49-09E0-9912-46A9-0BA12EB8BE7F}.Release|Any CPU.Build.0 = Release|Any CPU
	EndGlobalSection
	GlobalSection(SolutionProperties) = preSolution
		HideSolutionNode = FALSE
	EndGlobalSection
	GlobalSection(MonoDevelopProperties) = preSolution
		StartupItem = Assembly-CSharp.csproj
	EndGlobalSection
EndGlobal
